
Microsoft Visual Studio Solution File, Format Version 12.00
# Visual Studio Version 17
VisualStudioVersion = 17.10.34928.147
MinimumVisualStudioVersion = 10.0.40219.1
Project("{FAE04EC0-301F-11D3-BF4B-00C04F79EFBC}") = "Linkdev.IKEA.PL", "Linkdev.IKEA.PL\Linkdev.IKEA.PL.csproj", "{169B86EB-3160-4144-A73C-A2B631094E0F}"
EndProject
Project("{FAE04EC0-301F-11D3-BF4B-00C04F79EFBC}") = "Linkdev.IKEA.BLL", "Linkdev.IKEA.BLL\Linkdev.IKEA.BLL.csproj", "{9BFB492B-5A03-45CD-9037-64F57BFF9E7A}"
EndProject
Project("{FAE04EC0-301F-11D3-BF4B-00C04F79EFBC}") = "Linkdev.IKEA.DAL", "Linkdev.IKEA.DAL\Linkdev.IKEA.DAL.csproj", "{70F12275-02CE-4B8D-AEAE-505E85C12935}"
EndProject
Global
	GlobalSection(SolutionConfigurationPlatforms) = preSolution
		Debug|Any CPU = Debug|Any CPU
		Release|Any CPU = Release|Any CPU
	EndGlobalSection
	GlobalSection(ProjectConfigurationPlatforms) = postSolution
		{169B86EB-3160-4144-A73C-A2B631094E0F}.Debug|Any CPU.ActiveCfg = Debug|Any CPU
		{169B86EB-3160-4144-A73C-A2B631094E0F}.Debug|Any CPU.Build.0 = Debug|Any CPU
		{169B86EB-3160-4144-A73C-A2B631094E0F}.Release|Any CPU.ActiveCfg = Release|Any CPU
		{169B86EB-3160-4144-A73C-A2B631094E0F}.Release|Any CPU.Build.0 = Release|Any CPU
		{9BFB492B-5A03-45CD-9037-64F57BFF9E7A}.Debug|Any CPU.ActiveCfg = Debug|Any CPU
		{9BFB492B-5A03-45CD-9037-64F57BFF9E7A}.Debug|Any CPU.Build.0 = Debug|Any CPU
		{9BFB492B-5A03-45CD-9037-64F57BFF9E7A}.Release|Any CPU.ActiveCfg = Release|Any CPU
		{9BFB492B-5A03-45CD-9037-64F57BFF9E7A}.Release|Any CPU.Build.0 = Release|Any CPU
		{70F12275-02CE-4B8D-AEAE-505E85C12935}.Debug|Any CPU.ActiveCfg = Debug|Any CPU
		{70F12275-02CE-4B8D-AEAE-505E85C12935}.Debug|Any CPU.Build.0 = Debug|Any CPU
		{70F12275-02CE-4B8D-AEAE-505E85C12935}.Release|Any CPU.ActiveCfg = Release|Any CPU
		{70F12275-02CE-4B8D-AEAE-505E85C12935}.Release|Any CPU.Build.0 = Release|Any CPU
	EndGlobalSection
	GlobalSection(SolutionProperties) = preSolution
		HideSolutionNode = FALSE
	EndGlobalSection
	GlobalSection(ExtensibilityGlobals) = postSolution
		SolutionGuid = {0C618336-9F82-4984-882C-E81EB0A39179}
	EndGlobalSection
EndGlobal
